{
  "name": "flowsystems",
  "version": "1.0.0",
  "lockfileVersion": 3,
  "requires": true,
  "packages": {
    "": {
      "name": "flowsystems",
      "version": "1.0.0",
      "dependencies": {
        "zod": "^3.23.8"
      }
    },
    "node_modules/zod": {
      "version": "3.23.8",
      "resolved": "https://registry.npmjs.org/zod/-/zod-3.23.8.tgz",
      "integrity": "sha512-vD7uHQM0kC5qBu3ByZXoO8QldI/9+E1GdVwG1uQizZ3D/ZbXPUEKR+M+2YkdE+5EYXPLkZX31lrT7xGTtdUZYQ==",
      "funding": {
        "url": "https://github.com/sponsors/colinhacks"
      }
    }
  },
  "dependencies": {
    "zod": {
      "version": "3.23.8",
      "resolved": "https://registry.npmjs.org/zod/-/zod-3.23.8.tgz",
      "integrity": "sha512-vD7uHQM0kC5qBu3ByZXoO8QldI/9+E1GdVwG1uQizZ3D/ZbXPUEKR+M+2YkdE+5EYXPLkZX31lrT7xGTtdUZYQ=="
    }
  }
}
